
Microsoft Visual Studio Solution File, Format Version 12.00
# Visual Studio 15
VisualStudioVersion = 15.0.28307.271
MinimumVisualStudioVersion = 10.0.40219.1
Project("{FAE04EC0-301F-11D3-BF4B-00C04F79EFBC}") = "GamesAPI", "GamesAPI\GamesAPI.csproj", "{8BE85868-B47F-47C6-AD10-76CB767E5EA0}"
EndProject
Project("{FAE04EC0-301F-11D3-BF4B-00C04F79EFBC}") = "GamesAPI.Models", "GamesAPI.Models\GamesAPI.Models.csproj", "{5F5F9D68-80B2-4473-83A5-358C45821C74}"
EndProject
Global
	GlobalSection(SolutionConfigurationPlatforms) = preSolution
		Debug|Any CPU = Debug|Any CPU
		Release|Any CPU = Release|Any CPU
	EndGlobalSection
	GlobalSection(ProjectConfigurationPlatforms) = postSolution
		{8BE85868-B47F-47C6-AD10-76CB767E5EA0}.Debug|Any CPU.ActiveCfg = Debug|Any CPU
		{8BE85868-B47F-47C6-AD10-76CB767E5EA0}.Debug|Any CPU.Build.0 = Debug|Any CPU
		{8BE85868-B47F-47C6-AD10-76CB767E5EA0}.Release|Any CPU.ActiveCfg = Release|Any CPU
		{8BE85868-B47F-47C6-AD10-76CB767E5EA0}.Release|Any CPU.Build.0 = Release|Any CPU
		{5F5F9D68-80B2-4473-83A5-358C45821C74}.Debug|Any CPU.ActiveCfg = Debug|Any CPU
		{5F5F9D68-80B2-4473-83A5-358C45821C74}.Debug|Any CPU.Build.0 = Debug|Any CPU
		{5F5F9D68-80B2-4473-83A5-358C45821C74}.Release|Any CPU.ActiveCfg = Release|Any CPU
		{5F5F9D68-80B2-4473-83A5-358C45821C74}.Release|Any CPU.Build.0 = Release|Any CPU
	EndGlobalSection
	GlobalSection(SolutionProperties) = preSolution
		HideSolutionNode = FALSE
	EndGlobalSection
	GlobalSection(ExtensibilityGlobals) = postSolution
		SolutionGuid = {894EA0E0-2D2A-4191-BD75-E56528A7C044}
	EndGlobalSection
EndGlobal
